<?xml version="1.0" encoding="utf-8"?>
<Project ToolsVersion="4.0" xmlns="http://schemas.microsoft.com/developer/msbuild/2003">
  <ItemGroup>
    <Filter Include="Source Files">
      <UniqueIdentifier>{4FC737F1-C7A5-4376-A066-2A32D752A2FF}</UniqueIdentifier>
      <Extensions>cpp;c;cc;cxx;c++;cppm;ixx;def;odl;idl;hpj;bat;asm;asmx</Extensions>
    </Filter>
    <Filter Include="Header Files">
      <UniqueIdentifier>{93995380-89BD-4b04-88EB-625FBE52EBFB}</UniqueIdentifier>
      <Extensions>h;hh;hpp;hxx;h++;hm;inl;inc;ipp;xsd</Extensions>
    </Filter>
    <Filter Include="Scripts">
      <UniqueIdentifier>{625b7062-d7fa-407c-9303-a3913fb51935}</UniqueIdentifier>
    </Filter>
    <Filter Include="Scripts\Engine">
      <UniqueIdentifier>{47ecf762-7a73-4b4d-9d56-79d0e7dd5e98}</UniqueIdentifier>
    </Filter>
    <Filter Include="Scripts\Examples">
      <UniqueIdentifier>{2c5628ef-4398-4e67-9f52-77483d400093}</UniqueIdentifier>
    </Filter>
    <Filter Include="Scripts\Examples\CustomGameMode">
      <UniqueIdentifier>{3d5c6c5f-d5a9-4be6-b837-51fef4b7c278}</UniqueIdentifier>
    </Filter>
    <Filter Include="Scripts\Examples\CustomLevel">
      <UniqueIdentifier>{e36569da-67fb-406c-a446-07750d4032c8}</UniqueIdentifier>
    </Filter>
    <Filter Include="Scripts\Examples\CustomPawn">
      <UniqueIdentifier>{beabfd8f-67e9-425d-8b01-4da33f9c514c}</UniqueIdentifier>
    </Filter>
    <Filter Include="Scripts\Examples\CustomPlayerController">
      <UniqueIdentifier>{bde06d1f-c1ff-423c-8d82-a1843e4dece9}</UniqueIdentifier>
    </Filter>
    <Filter Include="Scripts\Examples\CustomHUD">
      <UniqueIdentifier>{b019df69-c406-4256-bbc8-f2c339b0ee21}</UniqueIdentifier>
    </Filter>
    <Filter Include="Scripts\Examples\CustomMesh">
      <UniqueIdentifier>{495f55fa-cf06-4663-b894-7d6b1d8092f0}</UniqueIdentifier>
    </Filter>
    <Filter Include="Scripts\Engine\Core">
      <UniqueIdentifier>{9ae3e0d7-674a-4a36-8b73-6870c38f6f68}</UniqueIdentifier>
    </Filter>
    <Filter Include="Scripts\Engine\Core\Actors">
      <UniqueIdentifier>{89a5cd57-b53f-4c91-96a2-4e6772b10d20}</UniqueIdentifier>
    </Filter>
    <Filter Include="Scripts\Engine\Core\Actors\Shapes">
      <UniqueIdentifier>{d7a6af57-adf9-4ffc-affb-ad21bcfb6ce1}</UniqueIdentifier>
    </Filter>
    <Filter Include="Scripts\Engine\Core\Actors\Shapes\Primitives">
      <UniqueIdentifier>{7f8c3452-6650-4bd3-865f-37ca67ab34bc}</UniqueIdentifier>
    </Filter>
    <Filter Include="Scripts\Engine\Core\Actors\Widgets">
      <UniqueIdentifier>{6dc68092-21d1-4c63-9c48-37a3ca5549d2}</UniqueIdentifier>
    </Filter>
    <Filter Include="Scripts\Engine\Core\Actors\Widgets\Texts">
      <UniqueIdentifier>{3a236a4d-3434-4099-898c-b9f32bc86ba4}</UniqueIdentifier>
    </Filter>
    <Filter Include="Scripts\Engine\Core\Actors\Widgets\Slots">
      <UniqueIdentifier>{6382ce7e-fdb3-4e60-a487-57af2f1012e6}</UniqueIdentifier>
    </Filter>
    <Filter Include="Scripts\Engine\Core\Actors\Widgets\Slots\Canvas">
      <UniqueIdentifier>{ba691e5e-f1fa-48f7-8d03-43a4e5ddb2dc}</UniqueIdentifier>
    </Filter>
    <Filter Include="Scripts\Engine\Core\Actors\Widgets\Image">
      <UniqueIdentifier>{314ecb4f-b0d5-4a33-9c4a-0d2a5144bb61}</UniqueIdentifier>
    </Filter>
    <Filter Include="Scripts\Engine\Core\Actors\Widgets\Image\Slider">
      <UniqueIdentifier>{88f1b4da-068f-4343-9df4-37165b7a4e60}</UniqueIdentifier>
    </Filter>
    <Filter Include="Scripts\Engine\Core\Actors\Widgets\Image\Button">
      <UniqueIdentifier>{3b36066e-da0d-4936-9284-589e58bd9212}</UniqueIdentifier>
    </Filter>
    <Filter Include="Scripts\Engine\Core\Actors\Widgets\Image\Button\Checkbox">
      <UniqueIdentifier>{e74a79a9-7fab-4005-8b47-031e5d9f92d5}</UniqueIdentifier>
    </Filter>
    <Filter Include="Scripts\Engine\Core\Actors\Widgets\Image\ProgressBar">
      <UniqueIdentifier>{0a988581-e5c0-49c8-b91f-beac1ccd9191}</UniqueIdentifier>
    </Filter>
    <Filter Include="Scripts\Engine\Core\Actors\Widgets\Image\GIF">
      <UniqueIdentifier>{18115c87-ca78-43f8-845a-7f78fa4b6475}</UniqueIdentifier>
    </Filter>
    <Filter Include="Scripts\Engine\Core\Actors\Widgets\Panel">
      <UniqueIdentifier>{68c82c7f-de00-437d-9127-12ed30c17a90}</UniqueIdentifier>
    </Filter>
    <Filter Include="Scripts\Engine\Core\Actors\Widgets\Panel\Canvas">
      <UniqueIdentifier>{69734eb5-63fb-4415-8e68-d2676febedf1}</UniqueIdentifier>
    </Filter>
    <Filter Include="Scripts\Engine\Core\Actors\Widgets\Panel\Boxes">
      <UniqueIdentifier>{2974b9f2-55b8-465b-8871-9844c85f4f0b}</UniqueIdentifier>
    </Filter>
    <Filter Include="Scripts\Engine\Core\Actors\Widgets\Panel\Boxes\VerticalBox">
      <UniqueIdentifier>{4beafa4b-77b4-42d7-b631-b9bb0681400d}</UniqueIdentifier>
    </Filter>
    <Filter Include="Scripts\Engine\Core\Actors\Widgets\Panel\Boxes\HorizontalBox">
      <UniqueIdentifier>{18ff9b36-431e-4501-bfd0-fc2b9752d1a0}</UniqueIdentifier>
    </Filter>
    <Filter Include="Scripts\Engine\Core\Actors\Cameras">
      <UniqueIdentifier>{c7e5e783-87de-44d0-bb0b-e1323e79ccb9}</UniqueIdentifier>
    </Filter>
    <Filter Include="Scripts\Engine\Core\Actors\Vertexes">
      <UniqueIdentifier>{c2b4f2ca-195d-4485-9af0-b258340966f0}</UniqueIdentifier>
    </Filter>
    <Filter Include="Scripts\Engine\Core\Actors\Vertexes\Particle">
      <UniqueIdentifier>{2845a757-4ac7-44b4-9e42-3ee0909d45bd}</UniqueIdentifier>
    </Filter>
    <Filter Include="Scripts\Engine\Core\Actors\PlayerController">
      <UniqueIdentifier>{d987c28d-c838-4302-b65e-3cf40fb61f43}</UniqueIdentifier>
    </Filter>
    <Filter Include="Scripts\Engine\Core\Actors\GameMode">
      <UniqueIdentifier>{8bf0858f-dd63-4abc-97c2-fa031a2e8e81}</UniqueIdentifier>
    </Filter>
    <Filter Include="Scripts\Engine\Core\Actors\Pawn">
      <UniqueIdentifier>{ebad12d2-42e1-47a5-be1e-1b626905252b}</UniqueIdentifier>
    </Filter>
    <Filter Include="Scripts\Engine\Core\Components">
      <UniqueIdentifier>{f25e24e6-b4b3-4ac0-b95c-45c2dfaa8292}</UniqueIdentifier>
    </Filter>
    <Filter Include="Scripts\Engine\Core\Components\Collision">
      <UniqueIdentifier>{ccbd1e60-b2d7-4a41-84fb-779ba97d390d}</UniqueIdentifier>
    </Filter>
    <Filter Include="Scripts\Engine\Core\Components\Mesh">
      <UniqueIdentifier>{1c76df5b-7237-4d65-b03b-1568c80432ee}</UniqueIdentifier>
    </Filter>
    <Filter Include="Scripts\Engine\Core\Components\Root">
      <UniqueIdentifier>{2722f0ba-c4d7-4e56-a5bc-cf7b721bb8a6}</UniqueIdentifier>
    </Filter>
    <Filter Include="Scripts\Engine\Core\Components\Root\Transform">
      <UniqueIdentifier>{777c360b-720c-48d7-aa5d-39806b673363}</UniqueIdentifier>
    </Filter>
    <Filter Include="Scripts\Engine\Core\Components\Animation">
      <UniqueIdentifier>{486f8b75-db00-4b39-9f9f-f217ee614670}</UniqueIdentifier>
    </Filter>
    <Filter Include="Scripts\Engine\Core\Components\Camera">
      <UniqueIdentifier>{e82b391b-90c1-40b2-b7b1-167b807781ac}</UniqueIdentifier>
    </Filter>
    <Filter Include="Scripts\Engine\Core\Components\VertexComponent">
      <UniqueIdentifier>{10a70fc1-d511-41d3-aa4f-14a0138ab0d9}</UniqueIdentifier>
    </Filter>
    <Filter Include="Scripts\Engine\Resource Files">
      <UniqueIdentifier>{67DA6AB6-F800-4c08-8B7A-83BB121AAD01}</UniqueIdentifier>
      <Extensions>rc;ico;cur;bmp;dlg;rc2;rct;bin;rgs;gif;jpg;jpeg;jpe;resx;tiff;tif;png;wav;mfcribbon-ms</Extensions>
    </Filter>
    <Filter Include="Scripts\Engine\Resource Files\Logger">
      <UniqueIdentifier>{5f94f2c9-17a6-46af-a08d-932e1102517d}</UniqueIdentifier>
    </Filter>
    <Filter Include="Scripts\Engine\Resource Files\Utility">
      <UniqueIdentifier>{0c1939bc-0357-469e-944a-c1fdf4075fe9}</UniqueIdentifier>
    </Filter>
    <Filter Include="Scripts\Engine\Resource Files\Exception">
      <UniqueIdentifier>{351b38c9-5026-4155-8920-9b10fcdfffb9}</UniqueIdentifier>
    </Filter>
    <Filter Include="Scripts\Engine\Resource Files\Color">
      <UniqueIdentifier>{bf823de7-edd2-4d74-ae9b-2c9d09a6b7c8}</UniqueIdentifier>
    </Filter>
    <Filter Include="Scripts\Engine\Resource Files\Kismet">
      <UniqueIdentifier>{0bc6286f-101b-4f26-9634-22f0a9902e5e}</UniqueIdentifier>
    </Filter>
    <Filter Include="Scripts\Engine\Objects">
      <UniqueIdentifier>{86305f3d-9461-4ee5-8ed0-ae9bd0ca5c75}</UniqueIdentifier>
    </Filter>
    <Filter Include="Scripts\Engine\Objects\VertexObjects">
      <UniqueIdentifier>{e89f4db5-2f10-4b0a-bbae-14013c3ce35c}</UniqueIdentifier>
    </Filter>
    <Filter Include="Scripts\Engine\Objects\TransformableObjects">
      <UniqueIdentifier>{241ae6fa-28ff-496a-ace6-1ed799074158}</UniqueIdentifier>
    </Filter>
    <Filter Include="Scripts\Engine\Objects\TransformableObjects\TextObjects">
      <UniqueIdentifier>{c2bec6b1-550c-4e1c-b537-729c8bf2369d}</UniqueIdentifier>
    </Filter>
    <Filter Include="Scripts\Engine\Objects\TransformableObjects\ShapeObjects">
      <UniqueIdentifier>{943a71c5-b6a5-4c5d-8ec2-9099e960f252}</UniqueIdentifier>
    </Filter>
    <Filter Include="Scripts\Engine\Managers">
      <UniqueIdentifier>{b2916959-0e2d-476e-9b22-9076da6f0fec}</UniqueIdentifier>
    </Filter>
    <Filter Include="Scripts\Engine\Managers\Texture">
      <UniqueIdentifier>{6d5fb1c0-b561-4431-8320-87df10db64ac}</UniqueIdentifier>
    </Filter>
    <Filter Include="Scripts\Engine\Managers\Actor">
      <UniqueIdentifier>{f1589cba-120c-4b4f-892e-87eaba47791a}</UniqueIdentifier>
    </Filter>
    <Filter Include="Scripts\Engine\Managers\Timer">
      <UniqueIdentifier>{4efce1d3-6413-4bf9-bbd8-c134d8a7938e}</UniqueIdentifier>
    </Filter>
    <Filter Include="Scripts\Engine\Managers\Font">
      <UniqueIdentifier>{a27c8130-50ec-4ebf-bfa7-ed2ba11c894b}</UniqueIdentifier>
    </Filter>
    <Filter Include="Scripts\Engine\Managers\Audio">
      <UniqueIdentifier>{2d7b5c28-6243-462f-9a7c-c0cd1ddfc504}</UniqueIdentifier>
    </Filter>
    <Filter Include="Scripts\Engine\Managers\Audio\Samples">
      <UniqueIdentifier>{97c562bd-c8e1-44b1-b04c-336d58c919f3}</UniqueIdentifier>
    </Filter>
    <Filter Include="Scripts\Engine\Managers\Audio\Samples\Sound">
      <UniqueIdentifier>{5be43bb8-9156-4d55-9a04-b5e7f9fd0d8d}</UniqueIdentifier>
    </Filter>
    <Filter Include="Scripts\Engine\Managers\Audio\Samples\Music">
      <UniqueIdentifier>{85485f9e-767e-4a95-833d-840f8602da7d}</UniqueIdentifier>
    </Filter>
    <Filter Include="Scripts\Engine\Managers\Camera">
      <UniqueIdentifier>{6616de76-5398-4ef3-8245-e545158cb0a7}</UniqueIdentifier>
    </Filter>
    <Filter Include="Scripts\Engine\Managers\HUD">
      <UniqueIdentifier>{aeda0812-41cb-4a3b-b870-e378a9a87a59}</UniqueIdentifier>
    </Filter>
    <Filter Include="Scripts\Engine\Managers\Input">
      <UniqueIdentifier>{01d00604-2a3f-4763-8f35-559c8e93299d}</UniqueIdentifier>
    </Filter>
    <Filter Include="Scripts\Engine\Managers\Level">
      <UniqueIdentifier>{81f18cb3-98d8-4929-9ed8-c157e2e987b4}</UniqueIdentifier>
    </Filter>
    <Filter Include="Scripts\Engine\Managers\File">
      <UniqueIdentifier>{9647f742-6841-4899-97f0-32dd622923ac}</UniqueIdentifier>
    </Filter>
    <Filter Include="Scripts\Engine\Managers\Collision">
      <UniqueIdentifier>{7beb0670-89de-4ade-832e-9221fa5cfdad}</UniqueIdentifier>
    </Filter>
    <Filter Include="Scripts\Examples\CustomActor">
      <UniqueIdentifier>{f2a2544c-d591-4624-960a-2225b3eb45ba}</UniqueIdentifier>
    </Filter>
    <Filter Include="Tank War">
      <UniqueIdentifier>{b09a6622-55b8-4e3d-85e2-31e6be4262d2}</UniqueIdentifier>
    </Filter>
    <Filter Include="Tank War\Actor">
      <UniqueIdentifier>{ad225a16-cb1e-4c41-a47d-2278f2bf02b6}</UniqueIdentifier>
    </Filter>
    <Filter Include="Tank War\Actor\Tank">
      <UniqueIdentifier>{d9f19627-d1bf-46e3-8e6c-daff4f000c31}</UniqueIdentifier>
    </Filter>
    <Filter Include="Tank War\Level">
      <UniqueIdentifier>{92c9c0f9-63ad-45d1-add3-6d93da490ba0}</UniqueIdentifier>
    </Filter>
    <Filter Include="Tank War\Map">
      <UniqueIdentifier>{6054cace-78e1-499a-a16a-d3f56b997bd8}</UniqueIdentifier>
    </Filter>
    <Filter Include="Tank War\Map\MapElement">
      <UniqueIdentifier>{482c58de-b5c1-45d4-a424-0af6e3333994}</UniqueIdentifier>
    </Filter>
  </ItemGroup>
  <ItemGroup>
    <ClCompile Include="TextObject.cpp">
      <Filter>Scripts\Engine\Objects\TransformableObjects\TextObjects</Filter>
    </ClCompile>
    <ClCompile Include="TextureManager.cpp">
      <Filter>Scripts\Engine\Managers\Texture</Filter>
    </ClCompile>
    <ClCompile Include="ShapeObject.cpp">
      <Filter>Scripts\Engine\Objects\TransformableObjects\ShapeObjects</Filter>
    </ClCompile>
    <ClCompile Include="Object.cpp">
      <Filter>Scripts\Engine\Objects</Filter>
    </ClCompile>
    <ClCompile Include="Actor.cpp">
      <Filter>Scripts\Engine\Core\Actors</Filter>
    </ClCompile>
    <ClCompile Include="Component.cpp">
      <Filter>Scripts\Engine\Core\Components</Filter>
    </ClCompile>
    <ClCompile Include="Core.cpp">
      <Filter>Scripts\Engine\Core</Filter>
    </ClCompile>
    <ClCompile Include="ActorManager.cpp">
      <Filter>Scripts\Engine\Managers\Actor</Filter>
    </ClCompile>
    <ClCompile Include="Logger.cpp">
      <Filter>Scripts\Engine\Resource Files\Logger</Filter>
    </ClCompile>
    <ClCompile Include="SoundSample.cpp">
      <Filter>Scripts\Engine\Managers\Audio\Samples\Sound</Filter>
    </ClCompile>
    <ClCompile Include="MeshActor.cpp">
      <Filter>Scripts\Engine\Core\Actors\Shapes</Filter>
    </ClCompile>
    <ClCompile Include="Utilities.cpp">
      <Filter>Scripts\Engine\Resource Files\Utility</Filter>
    </ClCompile>
    <ClCompile Include="CustomException.cpp">
      <Filter>Scripts\Engine\Resource Files\Exception</Filter>
    </ClCompile>
    <ClCompile Include="Color.cpp">
      <Filter>Scripts\Engine\Resource Files\Color</Filter>
    </ClCompile>
    <ClCompile Include="CollisionComponent.cpp">
      <Filter>Scripts\Engine\Core\Components\Collision</Filter>
    </ClCompile>
    <ClCompile Include="RootComponent.cpp">
      <Filter>Scripts\Engine\Core\Components\Root</Filter>
    </ClCompile>
    <ClCompile Include="MeshComponent.cpp">
      <Filter>Scripts\Engine\Core\Components\Mesh</Filter>
    </ClCompile>
    <ClCompile Include="FontManager.cpp">
      <Filter>Scripts\Engine\Managers\Font</Filter>
    </ClCompile>
    <ClCompile Include="AudioManager.cpp">
      <Filter>Scripts\Engine\Managers\Audio</Filter>
    </ClCompile>
    <ClCompile Include="Sample.cpp">
      <Filter>Scripts\Engine\Managers\Audio\Samples</Filter>
    </ClCompile>
    <ClCompile Include="MusicSample.cpp">
      <Filter>Scripts\Engine\Managers\Audio\Samples\Music</Filter>
    </ClCompile>
    <ClCompile Include="Animation.cpp">
      <Filter>Scripts\Engine\Core\Components\Animation</Filter>
    </ClCompile>
    <ClCompile Include="AnimationComponent.cpp">
      <Filter>Scripts\Engine\Core\Components\Animation</Filter>
    </ClCompile>
    <ClCompile Include="CircleActor.cpp">
      <Filter>Scripts\Engine\Core\Actors\Shapes\Primitives</Filter>
    </ClCompile>
    <ClCompile Include="RectangleActor.cpp">
      <Filter>Scripts\Engine\Core\Actors\Shapes\Primitives</Filter>
    </ClCompile>
    <ClCompile Include="SquareActor.cpp">
      <Filter>Scripts\Engine\Core\Actors\Shapes\Primitives</Filter>
    </ClCompile>
    <ClCompile Include="TriangleActor.cpp">
      <Filter>Scripts\Engine\Core\Actors\Shapes\Primitives</Filter>
    </ClCompile>
    <ClCompile Include="CameraManager.cpp">
      <Filter>Scripts\Engine\Managers\Camera</Filter>
    </ClCompile>
    <ClCompile Include="HUD.cpp">
      <Filter>Scripts\Engine\Managers\HUD</Filter>
    </ClCompile>
    <ClCompile Include="CameraActor.cpp">
      <Filter>Scripts\Engine\Core\Actors\Cameras</Filter>
    </ClCompile>
    <ClCompile Include="CameraComponent.cpp">
      <Filter>Scripts\Engine\Core\Components\Camera</Filter>
    </ClCompile>
    <ClCompile Include="Kismet.cpp">
      <Filter>Scripts\Engine\Resource Files\Kismet</Filter>
    </ClCompile>
    <ClCompile Include="Widget.cpp">
      <Filter>Scripts\Engine\Core\Actors\Widgets</Filter>
    </ClCompile>
    <ClCompile Include="InputManager.cpp">
      <Filter>Scripts\Engine\Managers\Input</Filter>
    </ClCompile>
    <ClCompile Include="Action.cpp">
      <Filter>Scripts\Engine\Managers\Input</Filter>
    </ClCompile>
    <ClCompile Include="ActionMap.cpp">
      <Filter>Scripts\Engine\Managers\Input</Filter>
    </ClCompile>
    <ClCompile Include="VertexObject.cpp">
      <Filter>Scripts\Engine\Objects\VertexObjects</Filter>
    </ClCompile>
    <ClCompile Include="TransformableObject.cpp">
      <Filter>Scripts\Engine\Objects\TransformableObjects</Filter>
    </ClCompile>
    <ClCompile Include="VertexComponent.cpp">
      <Filter>Scripts\Engine\Core\Components\VertexComponent</Filter>
    </ClCompile>
    <ClCompile Include="Particle.cpp">
      <Filter>Scripts\Engine\Core\Actors\Vertexes\Particle</Filter>
    </ClCompile>
    <ClCompile Include="VertexActor.cpp">
      <Filter>Scripts\Engine\Core\Actors\Vertexes</Filter>
    </ClCompile>
    <ClCompile Include="Main.cpp">
      <Filter>Scripts\Engine</Filter>
    </ClCompile>
    <ClCompile Include="Engine.cpp">
      <Filter>Scripts\Engine</Filter>
    </ClCompile>
    <ClCompile Include="PlayerController.cpp">
      <Filter>Scripts\Engine\Core\Actors\PlayerController</Filter>
    </ClCompile>
    <ClCompile Include="GameMode.cpp">
      <Filter>Scripts\Engine\Core\Actors\GameMode</Filter>
    </ClCompile>
    <ClCompile Include="Level.cpp">
      <Filter>Scripts\Engine\Managers\Level</Filter>
    </ClCompile>
    <ClCompile Include="LabelWidget.cpp">
      <Filter>Scripts\Engine\Core\Actors\Widgets\Texts</Filter>
    </ClCompile>
    <ClCompile Include="ProgressBarWidget.cpp">
      <Filter>Scripts\Engine\Core\Actors\Widgets\Image\ProgressBar</Filter>
    </ClCompile>
    <ClCompile Include="CheckBoxWidget.cpp">
      <Filter>Scripts\Engine\Core\Actors\Widgets\Image\Button\Checkbox</Filter>
    </ClCompile>
    <ClCompile Include="Slot.cpp">
      <Filter>Scripts\Engine\Core\Actors\Widgets\Slots</Filter>
    </ClCompile>
    <ClCompile Include="VerticalBox.cpp">
      <Filter>Scripts\Engine\Core\Actors\Widgets\Panel\Boxes\VerticalBox</Filter>
    </ClCompile>
    <ClCompile Include="ButtonWidget.cpp">
      <Filter>Scripts\Engine\Core\Actors\Widgets\Image\Button</Filter>
    </ClCompile>
    <ClCompile Include="CanvasWidget.cpp">
      <Filter>Scripts\Engine\Core\Actors\Widgets\Panel\Canvas</Filter>
    </ClCompile>
    <ClCompile Include="CanvasSlot.cpp">
      <Filter>Scripts\Engine\Core\Actors\Widgets\Slots\Canvas</Filter>
    </ClCompile>
    <ClCompile Include="HorizontalBox.cpp">
      <Filter>Scripts\Engine\Core\Actors\Widgets\Panel\Boxes\HorizontalBox</Filter>
    </ClCompile>
    <ClCompile Include="SliderWidget.cpp">
      <Filter>Scripts\Engine\Core\Actors\Widgets\Image\Slider</Filter>
    </ClCompile>
    <ClCompile Include="PanelWidget.cpp">
      <Filter>Scripts\Engine\Core\Actors\Widgets\Panel</Filter>
    </ClCompile>
    <ClCompile Include="ImageWidget.cpp">
      <Filter>Scripts\Engine\Core\Actors\Widgets\Image</Filter>
    </ClCompile>
    <ClCompile Include="Box.cpp">
      <Filter>Scripts\Engine\Core\Actors\Widgets\Panel\Boxes</Filter>
    </ClCompile>
    <ClCompile Include="CUSTOMPawn.cpp">
      <Filter>Scripts\Examples\CustomPawn</Filter>
    </ClCompile>
    <ClCompile Include="CUSTOMLevel.cpp">
      <Filter>Scripts\Examples\CustomLevel</Filter>
    </ClCompile>
    <ClCompile Include="CUSTOMGameMode.cpp">
      <Filter>Scripts\Examples\CustomGameMode</Filter>
    </ClCompile>
    <ClCompile Include="CUSTOMPlayerController.cpp">
      <Filter>Scripts\Examples\CustomPlayerController</Filter>
    </ClCompile>
    <ClCompile Include="CUSTOMHUD.cpp">
      <Filter>Scripts\Examples\CustomHUD</Filter>
    </ClCompile>
    <ClCompile Include="CUSTOMMesh.cpp">
      <Filter>Scripts\Examples\CustomMesh</Filter>
    </ClCompile>
    <ClCompile Include="CollisionManager.cpp">
      <Filter>Scripts\Engine\Managers\Collision</Filter>
    </ClCompile>
    <ClCompile Include="Bounds.cpp">
      <Filter>Scripts\Engine\Core\Components\Collision</Filter>
    </ClCompile>
    <ClCompile Include="GIFWidget.cpp">
      <Filter>Scripts\Engine\Core\Actors\Widgets\Image\GIF</Filter>
    </ClCompile>
    <ClCompile Include="Pawn.cpp">
      <Filter>Scripts\Engine\Core\Actors\Pawn</Filter>
    </ClCompile>
    <ClCompile Include="CustomActor.cpp">
      <Filter>Scripts\Examples\CustomActor</Filter>
    </ClCompile>
    <ClCompile Include="Tank.cpp">
      <Filter>Tank War\Actor\Tank</Filter>
    </ClCompile>
    <ClCompile Include="DebugLevel.cpp">
      <Filter>Source Files</Filter>
    </ClCompile>
    <ClCompile Include="TankMovement.cpp">
      <Filter>Source Files</Filter>
    </ClCompile>
    <ClCompile Include="MapGenerator.cpp">
      <Filter>Tank War\Map</Filter>
    </ClCompile>
    <ClCompile Include="Rock.cpp">
      <Filter>Tank War\Map\MapElement</Filter>
    </ClCompile>
    <ClCompile Include="Tree.cpp">
      <Filter>Source Files</Filter>
    </ClCompile>
  </ItemGroup>
  <ItemGroup>
    <ClInclude Include="Singleton.h">
      <Filter>Scripts\Engine\Managers</Filter>
    </ClInclude>
    <ClInclude Include="CoreMinimal.h">
      <Filter>Scripts\Engine\Resource Files</Filter>
    </ClInclude>
    <ClInclude Include="TextObject.h">
      <Filter>Scripts\Engine\Objects\TransformableObjects\TextObjects</Filter>
    </ClInclude>
    <ClInclude Include="TextureManager.h">
      <Filter>Scripts\Engine\Managers\Texture</Filter>
    </ClInclude>
    <ClInclude Include="ShapeObject.h">
      <Filter>Scripts\Engine\Objects\TransformableObjects\ShapeObjects</Filter>
    </ClInclude>
    <ClInclude Include="Object.h">
      <Filter>Scripts\Engine\Objects</Filter>
    </ClInclude>
    <ClInclude Include="Actor.h">
      <Filter>Scripts\Engine\Core\Actors</Filter>
    </ClInclude>
    <ClInclude Include="Component.h">
      <Filter>Scripts\Engine\Core\Components</Filter>
    </ClInclude>
    <ClInclude Include="Core.h">
      <Filter>Scripts\Engine\Core</Filter>
    </ClInclude>
    <ClInclude Include="ActorManager.h">
      <Filter>Scripts\Engine\Managers\Actor</Filter>
    </ClInclude>
    <ClInclude Include="TimerManager.h">
      <Filter>Scripts\Engine\Managers\Timer</Filter>
    </ClInclude>
    <ClInclude Include="Logger.h">
      <Filter>Scripts\Engine\Resource Files\Logger</Filter>
    </ClInclude>
    <ClInclude Include="SoundSample.h">
      <Filter>Scripts\Engine\Managers\Audio\Samples\Sound</Filter>
    </ClInclude>
    <ClInclude Include="Macro.h">
      <Filter>Scripts\Engine\Resource Files</Filter>
    </ClInclude>
    <ClInclude Include="MeshActor.h">
      <Filter>Scripts\Engine\Core\Actors\Shapes</Filter>
    </ClInclude>
    <ClInclude Include="Utilities.h">
      <Filter>Scripts\Engine\Resource Files\Utility</Filter>
    </ClInclude>
    <ClInclude Include="CustomException.h">
      <Filter>Scripts\Engine\Resource Files\Exception</Filter>
    </ClInclude>
    <ClInclude Include="Color.h">
      <Filter>Scripts\Engine\Resource Files\Color</Filter>
    </ClInclude>
    <ClInclude Include="CollisionComponent.h">
      <Filter>Scripts\Engine\Core\Components\Collision</Filter>
    </ClInclude>
    <ClInclude Include="RootComponent.h">
      <Filter>Scripts\Engine\Core\Components\Root</Filter>
    </ClInclude>
    <ClInclude Include="MeshComponent.h">
      <Filter>Scripts\Engine\Core\Components\Mesh</Filter>
    </ClInclude>
    <ClInclude Include="FontManager.h">
      <Filter>Scripts\Engine\Managers\Font</Filter>
    </ClInclude>
    <ClInclude Include="AudioManager.h">
      <Filter>Scripts\Engine\Managers\Audio</Filter>
    </ClInclude>
    <ClInclude Include="Sample.h">
      <Filter>Scripts\Engine\Managers\Audio\Samples</Filter>
    </ClInclude>
    <ClInclude Include="MusicSample.h">
      <Filter>Scripts\Engine\Managers\Audio\Samples\Music</Filter>
    </ClInclude>
    <ClInclude Include="Animation.h">
      <Filter>Scripts\Engine\Core\Components\Animation</Filter>
    </ClInclude>
    <ClInclude Include="AnimationComponent.h">
      <Filter>Scripts\Engine\Core\Components\Animation</Filter>
    </ClInclude>
    <ClInclude Include="TransformableModifier.h">
      <Filter>Scripts\Engine\Core\Components\Root\Transform</Filter>
    </ClInclude>
    <ClInclude Include="TransformableViewer.h">
      <Filter>Scripts\Engine\Core\Components\Root\Transform</Filter>
    </ClInclude>
    <ClInclude Include="TransformData.h">
      <Filter>Scripts\Engine\Core\Components\Root\Transform</Filter>
    </ClInclude>
    <ClInclude Include="CircleActor.h">
      <Filter>Scripts\Engine\Core\Actors\Shapes\Primitives</Filter>
    </ClInclude>
    <ClInclude Include="RectangleActor.h">
      <Filter>Scripts\Engine\Core\Actors\Shapes\Primitives</Filter>
    </ClInclude>
    <ClInclude Include="SquareActor.h">
      <Filter>Scripts\Engine\Core\Actors\Shapes\Primitives</Filter>
    </ClInclude>
    <ClInclude Include="TriangleActor.h">
      <Filter>Scripts\Engine\Core\Actors\Shapes\Primitives</Filter>
    </ClInclude>
    <ClInclude Include="SubclassOf.h">
      <Filter>Scripts\Engine\Resource Files</Filter>
    </ClInclude>
    <ClInclude Include="CameraManager.h">
      <Filter>Scripts\Engine\Managers\Camera</Filter>
    </ClInclude>
    <ClInclude Include="HUD.h">
      <Filter>Scripts\Engine\Managers\HUD</Filter>
    </ClInclude>
    <ClInclude Include="CameraActor.h">
      <Filter>Scripts\Engine\Core\Actors\Cameras</Filter>
    </ClInclude>
    <ClInclude Include="CameraComponent.h">
      <Filter>Scripts\Engine\Core\Components\Camera</Filter>
    </ClInclude>
    <ClInclude Include="Kismet.h">
      <Filter>Scripts\Engine\Resource Files\Kismet</Filter>
    </ClInclude>
    <ClInclude Include="Widget.h">
      <Filter>Scripts\Engine\Core\Actors\Widgets</Filter>
    </ClInclude>
    <ClInclude Include="InputManager.h">
      <Filter>Scripts\Engine\Managers\Input</Filter>
    </ClInclude>
    <ClInclude Include="Action.h">
      <Filter>Scripts\Engine\Managers\Input</Filter>
    </ClInclude>
    <ClInclude Include="ActionMap.h">
      <Filter>Scripts\Engine\Managers\Input</Filter>
    </ClInclude>
    <ClInclude Include="VertexObject.h">
      <Filter>Scripts\Engine\Objects\VertexObjects</Filter>
    </ClInclude>
    <ClInclude Include="TransformableObject.h">
      <Filter>Scripts\Engine\Objects\TransformableObjects</Filter>
    </ClInclude>
    <ClInclude Include="VertexComponent.h">
      <Filter>Scripts\Engine\Core\Components\VertexComponent</Filter>
    </ClInclude>
    <ClInclude Include="Particle.h">
      <Filter>Scripts\Engine\Core\Actors\Vertexes\Particle</Filter>
    </ClInclude>
    <ClInclude Include="VertexActor.h">
      <Filter>Scripts\Engine\Core\Actors\Vertexes</Filter>
    </ClInclude>
    <ClInclude Include="Engine.h">
      <Filter>Scripts\Engine</Filter>
    </ClInclude>
    <ClInclude Include="PlayerController.h">
      <Filter>Scripts\Engine\Core\Actors\PlayerController</Filter>
    </ClInclude>
    <ClInclude Include="GameMode.h">
      <Filter>Scripts\Engine\Core\Actors\GameMode</Filter>
    </ClInclude>
    <ClInclude Include="Level.h">
      <Filter>Scripts\Engine\Managers\Level</Filter>
    </ClInclude>
    <ClInclude Include="LevelManager.h">
      <Filter>Scripts\Engine\Managers\Level</Filter>
    </ClInclude>
    <ClInclude Include="LabelWidget.h">
      <Filter>Scripts\Engine\Core\Actors\Widgets\Texts</Filter>
    </ClInclude>
    <ClInclude Include="ProgressBarWidget.h">
      <Filter>Scripts\Engine\Core\Actors\Widgets\Image\ProgressBar</Filter>
    </ClInclude>
    <ClInclude Include="CheckBoxWidget.h">
      <Filter>Scripts\Engine\Core\Actors\Widgets\Image\Button\Checkbox</Filter>
    </ClInclude>
    <ClInclude Include="Slot.h">
      <Filter>Scripts\Engine\Core\Actors\Widgets\Slots</Filter>
    </ClInclude>
    <ClInclude Include="VerticalBox.h">
      <Filter>Scripts\Engine\Core\Actors\Widgets\Panel\Boxes\VerticalBox</Filter>
    </ClInclude>
    <ClInclude Include="ButtonWidget.h">
      <Filter>Scripts\Engine\Core\Actors\Widgets\Image\Button</Filter>
    </ClInclude>
    <ClInclude Include="CanvasWidget.h">
      <Filter>Scripts\Engine\Core\Actors\Widgets\Panel\Canvas</Filter>
    </ClInclude>
    <ClInclude Include="CanvasSlot.h">
      <Filter>Scripts\Engine\Core\Actors\Widgets\Slots\Canvas</Filter>
    </ClInclude>
    <ClInclude Include="HorizontalBox.h">
      <Filter>Scripts\Engine\Core\Actors\Widgets\Panel\Boxes\HorizontalBox</Filter>
    </ClInclude>
    <ClInclude Include="SliderWidget.h">
      <Filter>Scripts\Engine\Core\Actors\Widgets\Image\Slider</Filter>
    </ClInclude>
    <ClInclude Include="ImageWidget.h">
      <Filter>Scripts\Engine\Core\Actors\Widgets\Image</Filter>
    </ClInclude>
    <ClInclude Include="Layer.h">
      <Filter>Scripts\Engine\Resource Files</Filter>
    </ClInclude>
    <ClInclude Include="RenderType.h">
      <Filter>Scripts\Engine\Resource Files</Filter>
    </ClInclude>
    <ClInclude Include="Box.h">
      <Filter>Scripts\Engine\Core\Actors\Widgets\Panel\Boxes</Filter>
    </ClInclude>
    <ClInclude Include="PanelWidget.h">
      <Filter>Scripts\Engine\Core\Actors\Widgets\Panel</Filter>
    </ClInclude>
    <ClInclude Include="CUSTOMGameMode.h">
      <Filter>Scripts\Examples\CustomGameMode</Filter>
    </ClInclude>
    <ClInclude Include="CUSTOMLevel.h">
      <Filter>Scripts\Examples\CustomLevel</Filter>
    </ClInclude>
    <ClInclude Include="CUSTOMPawn.h">
      <Filter>Scripts\Examples\CustomPawn</Filter>
    </ClInclude>
    <ClInclude Include="CUSTOMPlayerController.h">
      <Filter>Scripts\Examples\CustomPlayerController</Filter>
    </ClInclude>
    <ClInclude Include="CUSTOMHUD.h">
      <Filter>Scripts\Examples\CustomHUD</Filter>
    </ClInclude>
    <ClInclude Include="CUSTOMMesh.h">
      <Filter>Scripts\Examples\CustomMesh</Filter>
    </ClInclude>
    <ClInclude Include="FileManager.h">
      <Filter>Scripts\Engine\Managers\File</Filter>
    </ClInclude>
    <ClInclude Include="CollisionManager.h">
      <Filter>Scripts\Engine\Managers\Collision</Filter>
    </ClInclude>
    <ClInclude Include="Bounds.h">
      <Filter>Scripts\Engine\Core\Components\Collision</Filter>
    </ClInclude>
    <ClInclude Include="GIFWidget.h">
      <Filter>Scripts\Engine\Core\Actors\Widgets\Image\GIF</Filter>
    </ClInclude>
    <ClInclude Include="Pawn.h">
      <Filter>Scripts\Engine\Core\Actors\Pawn</Filter>
    </ClInclude>
    <ClInclude Include="CustomActor.h">
      <Filter>Scripts\Examples\CustomActor</Filter>
    </ClInclude>
    <ClInclude Include="Tank.h">
      <Filter>Tank War\Actor\Tank</Filter>
    </ClInclude>
    <ClInclude Include="DebugLevel.h">
      <Filter>Header Files</Filter>
    </ClInclude>
    <ClInclude Include="TankMovement.h">
      <Filter>Header Files</Filter>
    </ClInclude>
    <ClInclude Include="MapGenerator.h">
      <Filter>Tank War\Map</Filter>
    </ClInclude>
    <ClInclude Include="Rock.h">
      <Filter>Tank War\Map\MapElement</Filter>
    </ClInclude>
    <ClInclude Include="Tree.h">
      <Filter>Header Files</Filter>
    </ClInclude>
  </ItemGroup>
</Project>